Microsoft Visual Studio Solution File, Format Version 12.00
# Visual Studio Version 17
VisualStudioVersion = 17.6.33801.468
MinimumVisualStudioVersion = 10.0.40219.1
Project("{9A19103F-16F7-4668-BE54-9A1E7A4F7556}") = "webapi", "webapi\webapi.csproj", "{B58CAB59-A6EE-4CA5-9CA6-AF8C7833FEF3}"
EndProject
Project("{9A19103F-16F7-4668-BE54-9A1E7A4F7556}") = "Application", "Application\Application.csproj", "{0769EB77-CFA9-4B49-B521-5AE7A4EC8F40}"
EndProject
Project("{9A19103F-16F7-4668-BE54-9A1E7A4F7556}") = "Domain.Models", "Domain.Models\Domain.Models.csproj", "{742FCD69-5E3D-463C-BEB2-B8688883E8A4}"
EndProject
Project("{9A19103F-16F7-4668-BE54-9A1E7A4F7556}") = "Domain.Repositories", "Domain.Repositories\Domain.Repositories.csproj", "{32AE7273-A828-4610-A64C-01ED8558CE70}"
EndProject
Project("{9A19103F-16F7-4668-BE54-9A1E7A4F7556}") = "IndentityLogic", "IndentityLogic\IndentityLogic.csproj", "{1FAFF3D1-BBB9-4A73-AB0B-B64B1B04A66C}"
EndProject
Global
	GlobalSection(SolutionConfigurationPlatforms) = preSolution
		Debug|Any CPU = Debug|Any CPU
		Release|Any CPU = Release|Any CPU
	EndGlobalSection
	GlobalSection(ProjectConfigurationPlatforms) = postSolution
		{B58CAB59-A6EE-4CA5-9CA6-AF8C7833FEF3}.Debug|Any CPU.ActiveCfg = Debug|Any CPU
		{B58CAB59-A6EE-4CA5-9CA6-AF8C7833FEF3}.Debug|Any CPU.Build.0 = Debug|Any CPU
		{B58CAB59-A6EE-4CA5-9CA6-AF8C7833FEF3}.Release|Any CPU.ActiveCfg = Release|Any CPU
		{B58CAB59-A6EE-4CA5-9CA6-AF8C7833FEF3}.Release|Any CPU.Build.0 = Release|Any CPU
		{0769EB77-CFA9-4B49-B521-5AE7A4EC8F40}.Debug|Any CPU.ActiveCfg = Debug|Any CPU
		{0769EB77-CFA9-4B49-B521-5AE7A4EC8F40}.Debug|Any CPU.Build.0 = Debug|Any CPU
		{0769EB77-CFA9-4B49-B521-5AE7A4EC8F40}.Release|Any CPU.ActiveCfg = Release|Any CPU
		{0769EB77-CFA9-4B49-B521-5AE7A4EC8F40}.Release|Any CPU.Build.0 = Release|Any CPU
		{742FCD69-5E3D-463C-BEB2-B8688883E8A4}.Debug|Any CPU.ActiveCfg = Debug|Any CPU
		{742FCD69-5E3D-463C-BEB2-B8688883E8A4}.Debug|Any CPU.Build.0 = Debug|Any CPU
		{742FCD69-5E3D-463C-BEB2-B8688883E8A4}.Release|Any CPU.ActiveCfg = Release|Any CPU
		{742FCD69-5E3D-463C-BEB2-B8688883E8A4}.Release|Any CPU.Build.0 = Release|Any CPU
		{32AE7273-A828-4610-A64C-01ED8558CE70}.Debug|Any CPU.ActiveCfg = Debug|Any CPU
		{32AE7273-A828-4610-A64C-01ED8558CE70}.Debug|Any CPU.Build.0 = Debug|Any CPU
		{32AE7273-A828-4610-A64C-01ED8558CE70}.Release|Any CPU.ActiveCfg = Release|Any CPU
		{32AE7273-A828-4610-A64C-01ED8558CE70}.Release|Any CPU.Build.0 = Release|Any CPU
		{1FAFF3D1-BBB9-4A73-AB0B-B64B1B04A66C}.Debug|Any CPU.ActiveCfg = Debug|Any CPU
		{1FAFF3D1-BBB9-4A73-AB0B-B64B1B04A66C}.Debug|Any CPU.Build.0 = Debug|Any CPU
		{1FAFF3D1-BBB9-4A73-AB0B-B64B1B04A66C}.Release|Any CPU.ActiveCfg = Release|Any CPU
		{1FAFF3D1-BBB9-4A73-AB0B-B64B1B04A66C}.Release|Any CPU.Build.0 = Release|Any CPU
	EndGlobalSection
	GlobalSection(SolutionProperties) = preSolution
		HideSolutionNode = FALSE
	EndGlobalSection
	GlobalSection(ExtensibilityGlobals) = postSolution
		SolutionGuid = {64878A33-BF82-429D-943C-273E5BE9733B}
	EndGlobalSection
EndGlobal
